
Microsoft Visual Studio Solution File, Format Version 12.00
# Visual Studio Version 17
VisualStudioVersion = 17.10.34916.146
MinimumVisualStudioVersion = 10.0.40219.1
Project("{FAE04EC0-301F-11D3-BF4B-00C04F79EFBC}") = "cosmonauticaui.Server", "cosmonauticaui.Server\cosmonauticaui.Server.csproj", "{CB5DD684-419B-43C9-8789-83D0342D8780}"
EndProject
Project("{54A90642-561A-4BB1-A94E-469ADEE60C69}") = "cosmonauticaui.client", "cosmonauticaui.client\cosmonauticaui.client.esproj", "{514A3C53-6BCF-4018-8B8B-4B7AE167788D}"
EndProject
Global
	GlobalSection(SolutionConfigurationPlatforms) = preSolution
		Debug|Any CPU = Debug|Any CPU
		Release|Any CPU = Release|Any CPU
	EndGlobalSection
	GlobalSection(ProjectConfigurationPlatforms) = postSolution
		{CB5DD684-419B-43C9-8789-83D0342D8780}.Debug|Any CPU.ActiveCfg = Debug|Any CPU
		{CB5DD684-419B-43C9-8789-83D0342D8780}.Debug|Any CPU.Build.0 = Debug|Any CPU
		{CB5DD684-419B-43C9-8789-83D0342D8780}.Release|Any CPU.ActiveCfg = Release|Any CPU
		{CB5DD684-419B-43C9-8789-83D0342D8780}.Release|Any CPU.Build.0 = Release|Any CPU
		{514A3C53-6BCF-4018-8B8B-4B7AE167788D}.Debug|Any CPU.ActiveCfg = Debug|Any CPU
		{514A3C53-6BCF-4018-8B8B-4B7AE167788D}.Debug|Any CPU.Build.0 = Debug|Any CPU
		{514A3C53-6BCF-4018-8B8B-4B7AE167788D}.Debug|Any CPU.Deploy.0 = Debug|Any CPU
		{514A3C53-6BCF-4018-8B8B-4B7AE167788D}.Release|Any CPU.ActiveCfg = Release|Any CPU
		{514A3C53-6BCF-4018-8B8B-4B7AE167788D}.Release|Any CPU.Build.0 = Release|Any CPU
		{514A3C53-6BCF-4018-8B8B-4B7AE167788D}.Release|Any CPU.Deploy.0 = Release|Any CPU
	EndGlobalSection
	GlobalSection(SolutionProperties) = preSolution
		HideSolutionNode = FALSE
	EndGlobalSection
	GlobalSection(ExtensibilityGlobals) = postSolution
		SolutionGuid = {9FAD1DAA-56F9-4254-A1A2-F8EB725038EB}
	EndGlobalSection
EndGlobal
